
Microsoft Visual Studio Solution File, Format Version 12.00
# Visual Studio Version 17
VisualStudioVersion = 17.5.33627.172
MinimumVisualStudioVersion = 10.0.40219.1
Project("{9A19103F-16F7-4668-BE54-9A1E7A4F7556}") = "Exercise2", "Exercise2\Exercise2.csproj", "{D0CE42A2-4892-4818-ACB3-1A699F7D69A2}"
EndProject
Project("{9A19103F-16F7-4668-BE54-9A1E7A4F7556}") = "Exercise1", "..\Exercise1\Exercise1\Exercise1.csproj", "{32116AA0-DBAA-4F17-855C-43CEE37748C2}"
EndProject
Global
	GlobalSection(SolutionConfigurationPlatforms) = preSolution
		Debug|Any CPU = Debug|Any CPU
		Release|Any CPU = Release|Any CPU
	EndGlobalSection
	GlobalSection(ProjectConfigurationPlatforms) = postSolution
		{D0CE42A2-4892-4818-ACB3-1A699F7D69A2}.Debug|Any CPU.ActiveCfg = Debug|Any CPU
		{D0CE42A2-4892-4818-ACB3-1A699F7D69A2}.Debug|Any CPU.Build.0 = Debug|Any CPU
		{D0CE42A2-4892-4818-ACB3-1A699F7D69A2}.Release|Any CPU.ActiveCfg = Release|Any CPU
		{D0CE42A2-4892-4818-ACB3-1A699F7D69A2}.Release|Any CPU.Build.0 = Release|Any CPU
		{32116AA0-DBAA-4F17-855C-43CEE37748C2}.Debug|Any CPU.ActiveCfg = Debug|Any CPU
		{32116AA0-DBAA-4F17-855C-43CEE37748C2}.Debug|Any CPU.Build.0 = Debug|Any CPU
		{32116AA0-DBAA-4F17-855C-43CEE37748C2}.Release|Any CPU.ActiveCfg = Release|Any CPU
		{32116AA0-DBAA-4F17-855C-43CEE37748C2}.Release|Any CPU.Build.0 = Release|Any CPU
	EndGlobalSection
	GlobalSection(SolutionProperties) = preSolution
		HideSolutionNode = FALSE
	EndGlobalSection
	GlobalSection(ExtensibilityGlobals) = postSolution
		SolutionGuid = {E3A07CEC-C4D5-4826-93E1-8EFCF8580088}
	EndGlobalSection
EndGlobal
